
Microsoft Visual Studio Solution File, Format Version 12.00
# Visual Studio Version 16
VisualStudioVersion = 16.0.30104.148
MinimumVisualStudioVersion = 10.0.40219.1
Project("{FAE04EC0-301F-11D3-BF4B-00C04F79EFBC}") = "SportsStore", "SportsStore\SportsStore.csproj", "{3C5829C8-A0A3-4D92-8D26-FEF285CBAD33}"
EndProject
Global
	GlobalSection(SolutionConfigurationPlatforms) = preSolution
		Debug|Any CPU = Debug|Any CPU
		Release|Any CPU = Release|Any CPU
	EndGlobalSection
	GlobalSection(ProjectConfigurationPlatforms) = postSolution
		{3C5829C8-A0A3-4D92-8D26-FEF285CBAD33}.Debug|Any CPU.ActiveCfg = Debug|Any CPU
		{3C5829C8-A0A3-4D92-8D26-FEF285CBAD33}.Debug|Any CPU.Build.0 = Debug|Any CPU
		{3C5829C8-A0A3-4D92-8D26-FEF285CBAD33}.Release|Any CPU.ActiveCfg = Release|Any CPU
		{3C5829C8-A0A3-4D92-8D26-FEF285CBAD33}.Release|Any CPU.Build.0 = Release|Any CPU
	EndGlobalSection
	GlobalSection(SolutionProperties) = preSolution
		HideSolutionNode = FALSE
	EndGlobalSection
	GlobalSection(ExtensibilityGlobals) = postSolution
		SolutionGuid = {C8C0B242-6716-4666-8B4A-0AB12F33A16C}
	EndGlobalSection
EndGlobal
